
Microsoft Visual Studio Solution File, Format Version 12.00
# Visual Studio Version 17
VisualStudioVersion = 17.7.34202.233
MinimumVisualStudioVersion = 10.0.40219.1
Project("{FAE04EC0-301F-11D3-BF4B-00C04F79EFBC}") = "dotnetBasic", "dotnetBasic\dotnetBasic.csproj", "{C6E44C30-1B54-4C97-9568-1C827A67B49D}"
EndProject
Global
	GlobalSection(SolutionConfigurationPlatforms) = preSolution
		Debug|Any CPU = Debug|Any CPU
		Release|Any CPU = Release|Any CPU
	EndGlobalSection
	GlobalSection(ProjectConfigurationPlatforms) = postSolution
		{C6E44C30-1B54-4C97-9568-1C827A67B49D}.Debug|Any CPU.ActiveCfg = Debug|Any CPU
		{C6E44C30-1B54-4C97-9568-1C827A67B49D}.Debug|Any CPU.Build.0 = Debug|Any CPU
		{C6E44C30-1B54-4C97-9568-1C827A67B49D}.Release|Any CPU.ActiveCfg = Release|Any CPU
		{C6E44C30-1B54-4C97-9568-1C827A67B49D}.Release|Any CPU.Build.0 = Release|Any CPU
	EndGlobalSection
	GlobalSection(SolutionProperties) = preSolution
		HideSolutionNode = FALSE
	EndGlobalSection
	GlobalSection(ExtensibilityGlobals) = postSolution
		SolutionGuid = {48AC0D61-501C-4C53-887D-25E0375CEB08}
	EndGlobalSection
EndGlobal
