
Microsoft Visual Studio Solution File, Format Version 12.00
# Visual Studio Version 17
VisualStudioVersion = 17.7.34202.233
MinimumVisualStudioVersion = 10.0.40219.1
Project("{9A19103F-16F7-4668-BE54-9A1E7A4F7556}") = "Employee", "Employee\Employee.csproj", "{1D85AA4B-3D02-4773-AC3B-EE92EFE4B394}"
EndProject
Project("{9A19103F-16F7-4668-BE54-9A1E7A4F7556}") = "Student", "Student\Student.csproj", "{8BDDB35D-6E76-488E-837E-16D040E66053}"
EndProject
Project("{FAE04EC0-301F-11D3-BF4B-00C04F79EFBC}") = "Employee_Assignment", "..\Employee_Assignment\Employee_Assignment.csproj", "{9EDB1E68-18F5-411F-B555-2251A531428B}"
EndProject
Global
	GlobalSection(SolutionConfigurationPlatforms) = preSolution
		Debug|Any CPU = Debug|Any CPU
		Release|Any CPU = Release|Any CPU
	EndGlobalSection
	GlobalSection(ProjectConfigurationPlatforms) = postSolution
		{1D85AA4B-3D02-4773-AC3B-EE92EFE4B394}.Debug|Any CPU.ActiveCfg = Debug|Any CPU
		{1D85AA4B-3D02-4773-AC3B-EE92EFE4B394}.Debug|Any CPU.Build.0 = Debug|Any CPU
		{1D85AA4B-3D02-4773-AC3B-EE92EFE4B394}.Release|Any CPU.ActiveCfg = Release|Any CPU
		{1D85AA4B-3D02-4773-AC3B-EE92EFE4B394}.Release|Any CPU.Build.0 = Release|Any CPU
		{8BDDB35D-6E76-488E-837E-16D040E66053}.Debug|Any CPU.ActiveCfg = Debug|Any CPU
		{8BDDB35D-6E76-488E-837E-16D040E66053}.Debug|Any CPU.Build.0 = Debug|Any CPU
		{8BDDB35D-6E76-488E-837E-16D040E66053}.Release|Any CPU.ActiveCfg = Release|Any CPU
		{8BDDB35D-6E76-488E-837E-16D040E66053}.Release|Any CPU.Build.0 = Release|Any CPU
		{9EDB1E68-18F5-411F-B555-2251A531428B}.Debug|Any CPU.ActiveCfg = Debug|Any CPU
		{9EDB1E68-18F5-411F-B555-2251A531428B}.Debug|Any CPU.Build.0 = Debug|Any CPU
		{9EDB1E68-18F5-411F-B555-2251A531428B}.Release|Any CPU.ActiveCfg = Release|Any CPU
		{9EDB1E68-18F5-411F-B555-2251A531428B}.Release|Any CPU.Build.0 = Release|Any CPU
	EndGlobalSection
	GlobalSection(SolutionProperties) = preSolution
		HideSolutionNode = FALSE
	EndGlobalSection
	GlobalSection(ExtensibilityGlobals) = postSolution
		SolutionGuid = {C6155E8D-4925-4C02-BA50-15C11330BB7C}
	EndGlobalSection
EndGlobal
