
Microsoft Visual Studio Solution File, Format Version 12.00
# Visual Studio Version 17
VisualStudioVersion = 17.7.34202.233
MinimumVisualStudioVersion = 10.0.40219.1
Project("{FAE04EC0-301F-11D3-BF4B-00C04F79EFBC}") = "CodeFirstExample", "CodeFirstExample.csproj", "{E98F7B78-9DF3-48F7-9410-AF0437A07E86}"
EndProject
Global
	GlobalSection(SolutionConfigurationPlatforms) = preSolution
		Debug|Any CPU = Debug|Any CPU
		Release|Any CPU = Release|Any CPU
	EndGlobalSection
	GlobalSection(ProjectConfigurationPlatforms) = postSolution
		{E98F7B78-9DF3-48F7-9410-AF0437A07E86}.Debug|Any CPU.ActiveCfg = Debug|Any CPU
		{E98F7B78-9DF3-48F7-9410-AF0437A07E86}.Debug|Any CPU.Build.0 = Debug|Any CPU
		{E98F7B78-9DF3-48F7-9410-AF0437A07E86}.Release|Any CPU.ActiveCfg = Release|Any CPU
		{E98F7B78-9DF3-48F7-9410-AF0437A07E86}.Release|Any CPU.Build.0 = Release|Any CPU
	EndGlobalSection
	GlobalSection(SolutionProperties) = preSolution
		HideSolutionNode = FALSE
	EndGlobalSection
	GlobalSection(ExtensibilityGlobals) = postSolution
		SolutionGuid = {B4173C15-B502-4D2E-B1ED-7CE4F32D2AAC}
	EndGlobalSection
EndGlobal
