
Microsoft Visual Studio Solution File, Format Version 12.00
# Visual Studio Version 17
VisualStudioVersion = 17.7.34202.233
MinimumVisualStudioVersion = 10.0.40219.1
Project("{FAE04EC0-301F-11D3-BF4B-00C04F79EFBC}") = "Delegates2", "Delegates2\Delegates2.csproj", "{283D1914-5E52-4BEA-8E00-1FF7457451E7}"
EndProject
Project("{FAE04EC0-301F-11D3-BF4B-00C04F79EFBC}") = "ActionFuncPredicate", "ActionFuncPredicate\ActionFuncPredicate.csproj", "{DB3E76B3-2572-48B9-A5A2-F9085A6E0486}"
EndProject
Project("{FAE04EC0-301F-11D3-BF4B-00C04F79EFBC}") = "AnonymousMethodAndLambdas", "AnonymousMethodAndLambdas\AnonymousMethodAndLambdas.csproj", "{7421D39F-A80B-48A4-A56C-F675FE75CCAB}"
EndProject
Project("{FAE04EC0-301F-11D3-BF4B-00C04F79EFBC}") = "ExpressionBodiedMember", "ExpressionBodiedMember\ExpressionBodiedMember.csproj", "{19FC8345-AE90-4716-AC4E-A5C61CFBD34A}"
EndProject
Project("{FAE04EC0-301F-11D3-BF4B-00C04F79EFBC}") = "EventHandling", "EventHandling\EventHandling.csproj", "{1AAE4D2A-DD2B-43AA-B334-560414ACC13F}"
EndProject
Global
	GlobalSection(SolutionConfigurationPlatforms) = preSolution
		Debug|Any CPU = Debug|Any CPU
		Release|Any CPU = Release|Any CPU
	EndGlobalSection
	GlobalSection(ProjectConfigurationPlatforms) = postSolution
		{283D1914-5E52-4BEA-8E00-1FF7457451E7}.Debug|Any CPU.ActiveCfg = Debug|Any CPU
		{283D1914-5E52-4BEA-8E00-1FF7457451E7}.Debug|Any CPU.Build.0 = Debug|Any CPU
		{283D1914-5E52-4BEA-8E00-1FF7457451E7}.Release|Any CPU.ActiveCfg = Release|Any CPU
		{283D1914-5E52-4BEA-8E00-1FF7457451E7}.Release|Any CPU.Build.0 = Release|Any CPU
		{DB3E76B3-2572-48B9-A5A2-F9085A6E0486}.Debug|Any CPU.ActiveCfg = Debug|Any CPU
		{DB3E76B3-2572-48B9-A5A2-F9085A6E0486}.Debug|Any CPU.Build.0 = Debug|Any CPU
		{DB3E76B3-2572-48B9-A5A2-F9085A6E0486}.Release|Any CPU.ActiveCfg = Release|Any CPU
		{DB3E76B3-2572-48B9-A5A2-F9085A6E0486}.Release|Any CPU.Build.0 = Release|Any CPU
		{7421D39F-A80B-48A4-A56C-F675FE75CCAB}.Debug|Any CPU.ActiveCfg = Debug|Any CPU
		{7421D39F-A80B-48A4-A56C-F675FE75CCAB}.Debug|Any CPU.Build.0 = Debug|Any CPU
		{7421D39F-A80B-48A4-A56C-F675FE75CCAB}.Release|Any CPU.ActiveCfg = Release|Any CPU
		{7421D39F-A80B-48A4-A56C-F675FE75CCAB}.Release|Any CPU.Build.0 = Release|Any CPU
		{19FC8345-AE90-4716-AC4E-A5C61CFBD34A}.Debug|Any CPU.ActiveCfg = Debug|Any CPU
		{19FC8345-AE90-4716-AC4E-A5C61CFBD34A}.Debug|Any CPU.Build.0 = Debug|Any CPU
		{19FC8345-AE90-4716-AC4E-A5C61CFBD34A}.Release|Any CPU.ActiveCfg = Release|Any CPU
		{19FC8345-AE90-4716-AC4E-A5C61CFBD34A}.Release|Any CPU.Build.0 = Release|Any CPU
		{1AAE4D2A-DD2B-43AA-B334-560414ACC13F}.Debug|Any CPU.ActiveCfg = Debug|Any CPU
		{1AAE4D2A-DD2B-43AA-B334-560414ACC13F}.Debug|Any CPU.Build.0 = Debug|Any CPU
		{1AAE4D2A-DD2B-43AA-B334-560414ACC13F}.Release|Any CPU.ActiveCfg = Release|Any CPU
		{1AAE4D2A-DD2B-43AA-B334-560414ACC13F}.Release|Any CPU.Build.0 = Release|Any CPU
	EndGlobalSection
	GlobalSection(SolutionProperties) = preSolution
		HideSolutionNode = FALSE
	EndGlobalSection
	GlobalSection(ExtensibilityGlobals) = postSolution
		SolutionGuid = {2EDD0384-8C55-4EC1-AD7A-91EB4E899E1F}
	EndGlobalSection
EndGlobal
