
Microsoft Visual Studio Solution File, Format Version 12.00
# Visual Studio Version 17
VisualStudioVersion = 17.7.34202.233
MinimumVisualStudioVersion = 10.0.40219.1
Project("{FAE04EC0-301F-11D3-BF4B-00C04F79EFBC}") = "DataAnnotations", "DataAnnotations.csproj", "{7A6CBF59-5253-4A74-8A74-E226C4170607}"
EndProject
Global
	GlobalSection(SolutionConfigurationPlatforms) = preSolution
		Debug|Any CPU = Debug|Any CPU
		Release|Any CPU = Release|Any CPU
	EndGlobalSection
	GlobalSection(ProjectConfigurationPlatforms) = postSolution
		{7A6CBF59-5253-4A74-8A74-E226C4170607}.Debug|Any CPU.ActiveCfg = Debug|Any CPU
		{7A6CBF59-5253-4A74-8A74-E226C4170607}.Debug|Any CPU.Build.0 = Debug|Any CPU
		{7A6CBF59-5253-4A74-8A74-E226C4170607}.Release|Any CPU.ActiveCfg = Release|Any CPU
		{7A6CBF59-5253-4A74-8A74-E226C4170607}.Release|Any CPU.Build.0 = Release|Any CPU
	EndGlobalSection
	GlobalSection(SolutionProperties) = preSolution
		HideSolutionNode = FALSE
	EndGlobalSection
	GlobalSection(ExtensibilityGlobals) = postSolution
		SolutionGuid = {4E33C1F3-B63A-4DF0-B778-440FF045F7E7}
	EndGlobalSection
EndGlobal
