
Microsoft Visual Studio Solution File, Format Version 12.00
# Visual Studio Version 17
VisualStudioVersion = 17.7.34202.233
MinimumVisualStudioVersion = 10.0.40219.1
Project("{FAE04EC0-301F-11D3-BF4B-00C04F79EFBC}") = "MyWebAPI", "MyWebAPI.csproj", "{C792AD6E-635E-46EC-B22A-386B690FA9A9}"
EndProject
Global
	GlobalSection(SolutionConfigurationPlatforms) = preSolution
		Debug|Any CPU = Debug|Any CPU
		Release|Any CPU = Release|Any CPU
	EndGlobalSection
	GlobalSection(ProjectConfigurationPlatforms) = postSolution
		{C792AD6E-635E-46EC-B22A-386B690FA9A9}.Debug|Any CPU.ActiveCfg = Debug|Any CPU
		{C792AD6E-635E-46EC-B22A-386B690FA9A9}.Debug|Any CPU.Build.0 = Debug|Any CPU
		{C792AD6E-635E-46EC-B22A-386B690FA9A9}.Release|Any CPU.ActiveCfg = Release|Any CPU
		{C792AD6E-635E-46EC-B22A-386B690FA9A9}.Release|Any CPU.Build.0 = Release|Any CPU
	EndGlobalSection
	GlobalSection(SolutionProperties) = preSolution
		HideSolutionNode = FALSE
	EndGlobalSection
	GlobalSection(ExtensibilityGlobals) = postSolution
		SolutionGuid = {024B51BA-671C-4264-84D3-55DB1BFF5A28}
	EndGlobalSection
EndGlobal
