
Microsoft Visual Studio Solution File, Format Version 12.00
# Visual Studio Version 17
VisualStudioVersion = 17.7.34202.233
MinimumVisualStudioVersion = 10.0.40219.1
Project("{FAE04EC0-301F-11D3-BF4B-00C04F79EFBC}") = "interfaces", "interfaces\interfaces.csproj", "{F81989BC-40D2-40EA-A49F-B6DF086EBA8D}"
EndProject
Project("{FAE04EC0-301F-11D3-BF4B-00C04F79EFBC}") = "DefaultImplementationInterface", "DefaultImplementationInterface\DefaultImplementationInterface.csproj", "{7742D3DF-C7C8-4FC7-BC29-3721053FB378}"
EndProject
Global
	GlobalSection(SolutionConfigurationPlatforms) = preSolution
		Debug|Any CPU = Debug|Any CPU
		Release|Any CPU = Release|Any CPU
	EndGlobalSection
	GlobalSection(ProjectConfigurationPlatforms) = postSolution
		{F81989BC-40D2-40EA-A49F-B6DF086EBA8D}.Debug|Any CPU.ActiveCfg = Debug|Any CPU
		{F81989BC-40D2-40EA-A49F-B6DF086EBA8D}.Debug|Any CPU.Build.0 = Debug|Any CPU
		{F81989BC-40D2-40EA-A49F-B6DF086EBA8D}.Release|Any CPU.ActiveCfg = Release|Any CPU
		{F81989BC-40D2-40EA-A49F-B6DF086EBA8D}.Release|Any CPU.Build.0 = Release|Any CPU
		{7742D3DF-C7C8-4FC7-BC29-3721053FB378}.Debug|Any CPU.ActiveCfg = Debug|Any CPU
		{7742D3DF-C7C8-4FC7-BC29-3721053FB378}.Debug|Any CPU.Build.0 = Debug|Any CPU
		{7742D3DF-C7C8-4FC7-BC29-3721053FB378}.Release|Any CPU.ActiveCfg = Release|Any CPU
		{7742D3DF-C7C8-4FC7-BC29-3721053FB378}.Release|Any CPU.Build.0 = Release|Any CPU
	EndGlobalSection
	GlobalSection(SolutionProperties) = preSolution
		HideSolutionNode = FALSE
	EndGlobalSection
	GlobalSection(ExtensibilityGlobals) = postSolution
		SolutionGuid = {5C5C3278-25EE-4D1E-BB40-AF319CE5C507}
	EndGlobalSection
EndGlobal
