
Microsoft Visual Studio Solution File, Format Version 12.00
# Visual Studio Version 17
VisualStudioVersion = 17.7.34202.233
MinimumVisualStudioVersion = 10.0.40219.1
Project("{FAE04EC0-301F-11D3-BF4B-00C04F79EFBC}") = "EmployeeModelBinding", "EmployeeModelBinding.csproj", "{F5585A0D-CC76-4A2E-A56E-B7309F7C3A4A}"
EndProject
Global
	GlobalSection(SolutionConfigurationPlatforms) = preSolution
		Debug|Any CPU = Debug|Any CPU
		Release|Any CPU = Release|Any CPU
	EndGlobalSection
	GlobalSection(ProjectConfigurationPlatforms) = postSolution
		{F5585A0D-CC76-4A2E-A56E-B7309F7C3A4A}.Debug|Any CPU.ActiveCfg = Debug|Any CPU
		{F5585A0D-CC76-4A2E-A56E-B7309F7C3A4A}.Debug|Any CPU.Build.0 = Debug|Any CPU
		{F5585A0D-CC76-4A2E-A56E-B7309F7C3A4A}.Release|Any CPU.ActiveCfg = Release|Any CPU
		{F5585A0D-CC76-4A2E-A56E-B7309F7C3A4A}.Release|Any CPU.Build.0 = Release|Any CPU
	EndGlobalSection
	GlobalSection(SolutionProperties) = preSolution
		HideSolutionNode = FALSE
	EndGlobalSection
	GlobalSection(ExtensibilityGlobals) = postSolution
		SolutionGuid = {527E3DB0-5D69-444D-AA18-5C791713EE43}
	EndGlobalSection
EndGlobal
